
Microsoft Visual Studio Solution File, Format Version 12.00
# Visual Studio Version 16
VisualStudioVersion = 16.0.29326.143
MinimumVisualStudioVersion = 10.0.40219.1
Project("{FAE04EC0-301F-11D3-BF4B-00C04F79EFBC}") = "OdeToFood", "OdeToFood\OdeToFood.csproj", "{BEF10A81-095F-4E50-AE4A-45D7FD7DC560}"
EndProject
Project("{FAE04EC0-301F-11D3-BF4B-00C04F79EFBC}") = "OdeToFodd.Core", "OdeToFodd.Core\OdeToFodd.Core.csproj", "{35CB6E4F-4230-4771-BB0E-3FF7525483D7}"
EndProject
Project("{FAE04EC0-301F-11D3-BF4B-00C04F79EFBC}") = "OdeToFood.Data", "OdeToFood.Data\OdeToFood.Data.csproj", "{65F68445-7EB7-44D1-A6BE-95CDA5091FFE}"
EndProject
Global
	GlobalSection(SolutionConfigurationPlatforms) = preSolution
		Debug|Any CPU = Debug|Any CPU
		Release|Any CPU = Release|Any CPU
	EndGlobalSection
	GlobalSection(ProjectConfigurationPlatforms) = postSolution
		{BEF10A81-095F-4E50-AE4A-45D7FD7DC560}.Debug|Any CPU.ActiveCfg = Debug|Any CPU
		{BEF10A81-095F-4E50-AE4A-45D7FD7DC560}.Debug|Any CPU.Build.0 = Debug|Any CPU
		{BEF10A81-095F-4E50-AE4A-45D7FD7DC560}.Release|Any CPU.ActiveCfg = Release|Any CPU
		{BEF10A81-095F-4E50-AE4A-45D7FD7DC560}.Release|Any CPU.Build.0 = Release|Any CPU
		{35CB6E4F-4230-4771-BB0E-3FF7525483D7}.Debug|Any CPU.ActiveCfg = Debug|Any CPU
		{35CB6E4F-4230-4771-BB0E-3FF7525483D7}.Debug|Any CPU.Build.0 = Debug|Any CPU
		{35CB6E4F-4230-4771-BB0E-3FF7525483D7}.Release|Any CPU.ActiveCfg = Release|Any CPU
		{35CB6E4F-4230-4771-BB0E-3FF7525483D7}.Release|Any CPU.Build.0 = Release|Any CPU
		{65F68445-7EB7-44D1-A6BE-95CDA5091FFE}.Debug|Any CPU.ActiveCfg = Debug|Any CPU
		{65F68445-7EB7-44D1-A6BE-95CDA5091FFE}.Debug|Any CPU.Build.0 = Debug|Any CPU
		{65F68445-7EB7-44D1-A6BE-95CDA5091FFE}.Release|Any CPU.ActiveCfg = Release|Any CPU
		{65F68445-7EB7-44D1-A6BE-95CDA5091FFE}.Release|Any CPU.Build.0 = Release|Any CPU
	EndGlobalSection
	GlobalSection(SolutionProperties) = preSolution
		HideSolutionNode = FALSE
	EndGlobalSection
	GlobalSection(ExtensibilityGlobals) = postSolution
		SolutionGuid = {73C0CEEB-807E-42FF-BD8A-6FF30FC978D0}
	EndGlobalSection
EndGlobal
